{
  "name": "test-addon",
  "lockfileVersion": 3,
  "requires": true,
  "packages": {
    "": {
      "name": "test-addon",
      "devDependencies": {
        "@levimc-lse/types": "^2.18.7"
      }
    },
    "node_modules/@levimc-lse/types": {
      "version": "2.18.7",
      "resolved": "https://registry.npmjs.org/@levimc-lse/types/-/types-2.18.7.tgz",
      "integrity": "sha512-7+1VLBN6nnNdBudf11O5EabHqLMlKUZohCiphzLBfstkaIYl6WuF3aSbJWp+QnlIsD/146i9VKGyP6K9mG8/kg==",
      "dev": true,
      "license": "LGPL-3.0-or-later"
    }
  }
}
